// !$*UTF8*$!
{
	archiveVersion = 1;
	classes = {
	};
	objectVersion = 56;
	objects = {

/* Begin PBXBuildFile section */
		EB2ED5652B6142C900DDAF09 /* TicTacToeApp.swift in Sources */ = {isa = PBXBuildFile; fileRef = EB2ED5642B6142C900DDAF09 /* TicTacToeApp.swift */; };
		EB2ED5672B6142C900DDAF09 /* TicTacToView.swift in Sources */ = {isa = PBXBuildFile; fileRef = EB2ED5662B6142C900DDAF09 /* TicTacToView.swift */; };
		EB2ED5692B6142CB00DDAF09 /* Assets.xcassets in Resources */ = {isa = PBXBuildFile; fileRef = EB2ED5682B6142CB00DDAF09 /* Assets.xcassets */; };
		EB2ED56C2B6142CB00DDAF09 /* Preview Assets.xcassets in Resources */ = {isa = PBXBuildFile; fileRef = EB2ED56B2B6142CB00DDAF09 /* Preview Assets.xcassets */; };
		EB2ED56E2B6142CB00DDAF09 /* Persistence.swift in Sources */ = {isa = PBXBuildFile; fileRef = EB2ED56D2B6142CB00DDAF09 /* Persistence.swift */; };
		EB2ED5712B6142CB00DDAF09 /* TicTacToe.xcdatamodeld in Sources */ = {isa = PBXBuildFile; fileRef = EB2ED56F2B6142CB00DDAF09 /* TicTacToe.xcdatamodeld */; };
		EB2ED57B2B6142CB00DDAF09 /* TicTacToeTests.swift in Sources */ = {isa = PBXBuildFile; fileRef = EB2ED57A2B6142CB00DDAF09 /* TicTacToeTests.swift */; };
		EB2ED5852B6142CB00DDAF09 /* TicTacToeUITests.swift in Sources */ = {isa = PBXBuildFile; fileRef = EB2ED5842B6142CB00DDAF09 /* TicTacToeUITests.swift */; };
		EB2ED5872B6142CB00DDAF09 /* TicTacToeUITestsLaunchTests.swift in Sources */ = {isa = PBXBuildFile; fileRef = EB2ED5862B6142CB00DDAF09 /* TicTacToeUITestsLaunchTests.swift */; };
		EB2ED5942B65498700DDAF09 /* HomeView.swift in Sources */ = {isa = PBXBuildFile; fileRef = EB2ED5932B65498600DDAF09 /* HomeView.swift */; };
		EB2ED5962B655BEF00DDAF09 /* MVVMDemo.swift in Sources */ = {isa = PBXBuildFile; fileRef = EB2ED5952B655BEF00DDAF09 /* MVVMDemo.swift */; };
		EB2ED5992B655C7100DDAF09 /* UserModel.swift in Sources */ = {isa = PBXBuildFile; fileRef = EB2ED5982B655C7100DDAF09 /* UserModel.swift */; };
		EB2ED59B2B655D6100DDAF09 /* UserViewModel.swift in Sources */ = {isa = PBXBuildFile; fileRef = EB2ED59A2B655D6100DDAF09 /* UserViewModel.swift */; };
/* End PBXBuildFile section */

/* Begin PBXContainerItemProxy section */
		EB2ED5772B6142CB00DDAF09 /* PBXContainerItemProxy */ = {
			isa = PBXContainerItemProxy;
			containerPortal = EB2ED5592B6142C900DDAF09 /* Project object */;
			proxyType = 1;
			remoteGlobalIDString = EB2ED5602B6142C900DDAF09;
			remoteInfo = TicTacToe;
		};
		EB2ED5812B6142CB00DDAF09 /* PBXContainerItemProxy */ = {
			isa = PBXContainerItemProxy;
			containerPortal = EB2ED5592B6142C900DDAF09 /* Project object */;
			proxyType = 1;
			remoteGlobalIDString = EB2ED5602B6142C900DDAF09;
			remoteInfo = TicTacToe;
		};
/* End PBXContainerItemProxy section */

/* Begin PBXFileReference section */
		EB2ED5612B6142C900DDAF09 /* TicTacToe.app */ = {isa = PBXFileReference; explicitFileType = wrapper.application; includeInIndex = 0; path = TicTacToe.app; sourceTree = BUILT_PRODUCTS_DIR; };
		EB2ED5642B6142C900DDAF09 /* TicTacToeApp.swift */ = {isa = PBXFileReference; lastKnownFileType = sourcecode.swift; path = TicTacToeApp.swift; sourceTree = "<group>"; };
		EB2ED5662B6142C900DDAF09 /* TicTacToView.swift */ = {isa = PBXFileReference; lastKnownFileType = sourcecode.swift; path = TicTacToView.swift; sourceTree = "<group>"; };
		EB2ED5682B6142CB00DDAF09 /* Assets.xcassets */ = {isa = PBXFileReference; lastKnownFileType = folder.assetcatalog; path = Assets.xcassets; sourceTree = "<group>"; };
		EB2ED56B2B6142CB00DDAF09 /* Preview Assets.xcassets */ = {isa = PBXFileReference; lastKnownFileType = folder.assetcatalog; path = "Preview Assets.xcassets"; sourceTree = "<group>"; };
		EB2ED56D2B6142CB00DDAF09 /* Persistence.swift */ = {isa = PBXFileReference; lastKnownFileType = sourcecode.swift; path = Persistence.swift; sourceTree = "<group>"; };
		EB2ED5702B6142CB00DDAF09 /* TicTacToe.xcdatamodel */ = {isa = PBXFileReference; lastKnownFileType = wrapper.xcdatamodel; path = TicTacToe.xcdatamodel; sourceTree = "<group>"; };
		EB2ED5762B6142CB00DDAF09 /* TicTacToeTests.xctest */ = {isa = PBXFileReference; explicitFileType = wrapper.cfbundle; includeInIndex = 0; path = TicTacToeTests.xctest; sourceTree = BUILT_PRODUCTS_DIR; };
		EB2ED57A2B6142CB00DDAF09 /* TicTacToeTests.swift */ = {isa = PBXFileReference; lastKnownFileType = sourcecode.swift; path = TicTacToeTests.swift; sourceTree = "<group>"; };
		EB2ED5802B6142CB00DDAF09 /* TicTacToeUITests.xctest */ = {isa = PBXFileReference; explicitFileType = wrapper.cfbundle; includeInIndex = 0; path = TicTacToeUITests.xctest; sourceTree = BUILT_PRODUCTS_DIR; };
		EB2ED5842B6142CB00DDAF09 /* TicTacToeUITests.swift */ = {isa = PBXFileReference; lastKnownFileType = sourcecode.swift; path = TicTacToeUITests.swift; sourceTree = "<group>"; };
		EB2ED5862B6142CB00DDAF09 /* TicTacToeUITestsLaunchTests.swift */ = {isa = PBXFileReference; lastKnownFileType = sourcecode.swift; path = TicTacToeUITestsLaunchTests.swift; sourceTree = "<group>"; };
		EB2ED5932B65498600DDAF09 /* HomeView.swift */ = {isa = PBXFileReference; lastKnownFileType = sourcecode.swift; path = HomeView.swift; sourceTree = "<group>"; };
		EB2ED5952B655BEF00DDAF09 /* MVVMDemo.swift */ = {isa = PBXFileReference; lastKnownFileType = sourcecode.swift; path = MVVMDemo.swift; sourceTree = "<group>"; };
		EB2ED5982B655C7100DDAF09 /* UserModel.swift */ = {isa = PBXFileReference; lastKnownFileType = sourcecode.swift; path = UserModel.swift; sourceTree = "<group>"; };
		EB2ED59A2B655D6100DDAF09 /* UserViewModel.swift */ = {isa = PBXFileReference; lastKnownFileType = sourcecode.swift; path = UserViewModel.swift; sourceTree = "<group>"; };
/* End PBXFileReference section */

/* Begin PBXFrameworksBuildPhase section */
		EB2ED55E2B6142C900DDAF09 /* Frameworks */ = {
			isa = PBXFrameworksBuildPhase;
			buildActionMask = 2147483647;
			files = (
			);
			runOnlyForDeploymentPostprocessing = 0;
		};
		EB2ED5732B6142CB00DDAF09 /* Frameworks */ = {
			isa = PBXFrameworksBuildPhase;
			buildActionMask = 2147483647;
			files = (
			);
			runOnlyForDeploymentPostprocessing = 0;
		};
		EB2ED57D2B6142CB00DDAF09 /* Frameworks */ = {
			isa = PBXFrameworksBuildPhase;
			buildActionMask = 2147483647;
			files = (
			);
			runOnlyForDeploymentPostprocessing = 0;
		};
/* End PBXFrameworksBuildPhase section */

/* Begin PBXGroup section */
		EB2ED5582B6142C900DDAF09 = {
			isa = PBXGroup;
			children = (
				EB2ED5632B6142C900DDAF09 /* TicTacToe */,
				EB2ED5792B6142CB00DDAF09 /* TicTacToeTests */,
				EB2ED5832B6142CB00DDAF09 /* TicTacToeUITests */,
				EB2ED5622B6142C900DDAF09 /* Products */,
			);
			sourceTree = "<group>";
		};
		EB2ED5622B6142C900DDAF09 /* Products */ = {
			isa = PBXGroup;
			children = (
				EB2ED5612B6142C900DDAF09 /* TicTacToe.app */,
				EB2ED5762B6142CB00DDAF09 /* TicTacToeTests.xctest */,
				EB2ED5802B6142CB00DDAF09 /* TicTacToeUITests.xctest */,
			);
			name = Products;
			sourceTree = "<group>";
		};
		EB2ED5632B6142C900DDAF09 /* TicTacToe */ = {
			isa = PBXGroup;
			children = (
				EB2ED5972B655C0400DDAF09 /* MVVM */,
				EB2ED5642B6142C900DDAF09 /* TicTacToeApp.swift */,
				EB2ED5932B65498600DDAF09 /* HomeView.swift */,
				EB2ED5662B6142C900DDAF09 /* TicTacToView.swift */,
				EB2ED5682B6142CB00DDAF09 /* Assets.xcassets */,
				EB2ED56D2B6142CB00DDAF09 /* Persistence.swift */,
				EB2ED56F2B6142CB00DDAF09 /* TicTacToe.xcdatamodeld */,
				EB2ED56A2B6142CB00DDAF09 /* Preview Content */,
			);
			path = TicTacToe;
			sourceTree = "<group>";
		};
		EB2ED56A2B6142CB00DDAF09 /* Preview Content */ = {
			isa = PBXGroup;
			children = (
				EB2ED56B2B6142CB00DDAF09 /* Preview Assets.xcassets */,
			);
			path = "Preview Content";
			sourceTree = "<group>";
		};
		EB2ED5792B6142CB00DDAF09 /* TicTacToeTests */ = {
			isa = PBXGroup;
			children = (
				EB2ED57A2B6142CB00DDAF09 /* TicTacToeTests.swift */,
			);
			path = TicTacToeTests;
			sourceTree = "<group>";
		};
		EB2ED5832B6142CB00DDAF09 /* TicTacToeUITests */ = {
			isa = PBXGroup;
			children = (
				EB2ED5842B6142CB00DDAF09 /* TicTacToeUITests.swift */,
				EB2ED5862B6142CB00DDAF09 /* TicTacToeUITestsLaunchTests.swift */,
			);
			path = TicTacToeUITests;
			sourceTree = "<group>";
		};
		EB2ED5972B655C0400DDAF09 /* MVVM */ = {
			isa = PBXGroup;
			children = (
				EB2ED5952B655BEF00DDAF09 /* MVVMDemo.swift */,
				EB2ED5982B655C7100DDAF09 /* UserModel.swift */,
				EB2ED59A2B655D6100DDAF09 /* UserViewModel.swift */,
			);
			path = MVVM;
			sourceTree = "<group>";
		};
/* End PBXGroup section */

/* Begin PBXNativeTarget section */
		EB2ED5602B6142C900DDAF09 /* TicTacToe */ = {
			isa = PBXNativeTarget;
			buildConfigurationList = EB2ED58A2B6142CB00DDAF09 /* Build configuration list for PBXNativeTarget "TicTacToe" */;
			buildPhases = (
				EB2ED55D2B6142C900DDAF09 /* Sources */,
				EB2ED55E2B6142C900DDAF09 /* Frameworks */,
				EB2ED55F2B6142C900DDAF09 /* Resources */,
			);
			buildRules = (
			);
			dependencies = (
			);
			name = TicTacToe;
			productName = TicTacToe;
			productReference = EB2ED5612B6142C900DDAF09 /* TicTacToe.app */;
			productType = "com.apple.product-type.application";
		};
		EB2ED5752B6142CB00DDAF09 /* TicTacToeTests */ = {
			isa = PBXNativeTarget;
			buildConfigurationList = EB2ED58D2B6142CB00DDAF09 /* Build configuration list for PBXNativeTarget "TicTacToeTests" */;
			buildPhases = (
				EB2ED5722B6142CB00DDAF09 /* Sources */,
				EB2ED5732B6142CB00DDAF09 /* Frameworks */,
				EB2ED5742B6142CB00DDAF09 /* Resources */,
			);
			buildRules = (
			);
			dependencies = (
				EB2ED5782B6142CB00DDAF09 /* PBXTargetDependency */,
			);
			name = TicTacToeTests;
			productName = TicTacToeTests;
			productReference = EB2ED5762B6142CB00DDAF09 /* TicTacToeTests.xctest */;
			productType = "com.apple.product-type.bundle.unit-test";
		};
		EB2ED57F2B6142CB00DDAF09 /* TicTacToeUITests */ = {
			isa = PBXNativeTarget;
			buildConfigurationList = EB2ED5902B6142CB00DDAF09 /* Build configuration list for PBXNativeTarget "TicTacToeUITests" */;
			buildPhases = (
				EB2ED57C2B6142CB00DDAF09 /* Sources */,
				EB2ED57D2B6142CB00DDAF09 /* Frameworks */,
				EB2ED57E2B6142CB00DDAF09 /* Resources */,
			);
			buildRules = (
			);
			dependencies = (
				EB2ED5822B6142CB00DDAF09 /* PBXTargetDependency */,
			);
			name = TicTacToeUITests;
			productName = TicTacToeUITests;
			productReference = EB2ED5802B6142CB00DDAF09 /* TicTacToeUITests.xctest */;
			productType = "com.apple.product-type.bundle.ui-testing";
		};
/* End PBXNativeTarget section */

/* Begin PBXProject section */
		EB2ED5592B6142C900DDAF09 /* Project object */ = {
			isa = PBXProject;
			attributes = {
				BuildIndependentTargetsInParallel = 1;
				LastSwiftUpdateCheck = 1410;
				LastUpgradeCheck = 1410;
				TargetAttributes = {
					EB2ED5602B6142C900DDAF09 = {
						CreatedOnToolsVersion = 14.1;
					};
					EB2ED5752B6142CB00DDAF09 = {
						CreatedOnToolsVersion = 14.1;
						TestTargetID = EB2ED5602B6142C900DDAF09;
					};
					EB2ED57F2B6142CB00DDAF09 = {
						CreatedOnToolsVersion = 14.1;
						TestTargetID = EB2ED5602B6142C900DDAF09;
					};
				};
			};
			buildConfigurationList = EB2ED55C2B6142C900DDAF09 /* Build configuration list for PBXProject "TicTacToe" */;
			compatibilityVersion = "Xcode 14.0";
			developmentRegion = en;
			hasScannedForEncodings = 0;
			knownRegions = (
				en,
				Base,
			);
			mainGroup = EB2ED5582B6142C900DDAF09;
			productRefGroup = EB2ED5622B6142C900DDAF09 /* Products */;
			projectDirPath = "";
			projectRoot = "";
			targets = (
				EB2ED5602B6142C900DDAF09 /* TicTacToe */,
				EB2ED5752B6142CB00DDAF09 /* TicTacToeTests */,
				EB2ED57F2B6142CB00DDAF09 /* TicTacToeUITests */,
			);
		};
/* End PBXProject section */

/* Begin PBXResourcesBuildPhase section */
		EB2ED55F2B6142C900DDAF09 /* Resources */ = {
			isa = PBXResourcesBuildPhase;
			buildActionMask = 2147483647;
			files = (
				EB2ED56C2B6142CB00DDAF09 /* Preview Assets.xcassets in Resources */,
				EB2ED5692B6142CB00DDAF09 /* Assets.xcassets in Resources */,
			);
			runOnlyForDeploymentPostprocessing = 0;
		};
		EB2ED5742B6142CB00DDAF09 /* Resources */ = {
			isa = PBXResourcesBuildPhase;
			buildActionMask = 2147483647;
			files = (
			);
			runOnlyForDeploymentPostprocessing = 0;
		};
		EB2ED57E2B6142CB00DDAF09 /* Resources */ = {
			isa = PBXResourcesBuildPhase;
			buildActionMask = 2147483647;
			files = (
			);
			runOnlyForDeploymentPostprocessing = 0;
		};
/* End PBXResourcesBuildPhase section */

/* Begin PBXSourcesBuildPhase section */
		EB2ED55D2B6142C900DDAF09 /* Sources */ = {
			isa = PBXSourcesBuildPhase;
			buildActionMask = 2147483647;
			files = (
				EB2ED56E2B6142CB00DDAF09 /* Persistence.swift in Sources */,
				EB2ED59B2B655D6100DDAF09 /* UserViewModel.swift in Sources */,
				EB2ED5992B655C7100DDAF09 /* UserModel.swift in Sources */,
				EB2ED5672B6142C900DDAF09 /* TicTacToView.swift in Sources */,
				EB2ED5712B6142CB00DDAF09 /* TicTacToe.xcdatamodeld in Sources */,
				EB2ED5942B65498700DDAF09 /* HomeView.swift in Sources */,
				EB2ED5962B655BEF00DDAF09 /* MVVMDemo.swift in Sources */,
				EB2ED5652B6142C900DDAF09 /* TicTacToeApp.swift in Sources */,
			);
			runOnlyForDeploymentPostprocessing = 0;
		};
		EB2ED5722B6142CB00DDAF09 /* Sources */ = {
			isa = PBXSourcesBuildPhase;
			buildActionMask = 2147483647;
			files = (
				EB2ED57B2B6142CB00DDAF09 /* TicTacToeTests.swift in Sources */,
			);
			runOnlyForDeploymentPostprocessing = 0;
		};
		EB2ED57C2B6142CB00DDAF09 /* Sources */ = {
			isa = PBXSourcesBuildPhase;
			buildActionMask = 2147483647;
			files = (
				EB2ED5852B6142CB00DDAF09 /* TicTacToeUITests.swift in Sources */,
				EB2ED5872B6142CB00DDAF09 /* TicTacToeUITestsLaunchTests.swift in Sources */,
			);
			runOnlyForDeploymentPostprocessing = 0;
		};
/* End PBXSourcesBuildPhase section */

/* Begin PBXTargetDependency section */
		EB2ED5782B6142CB00DDAF09 /* PBXTargetDependency */ = {
			isa = PBXTargetDependency;
			target = EB2ED5602B6142C900DDAF09 /* TicTacToe */;
			targetProxy = EB2ED5772B6142CB00DDAF09 /* PBXContainerItemProxy */;
		};
		EB2ED5822B6142CB00DDAF09 /* PBXTargetDependency */ = {
			isa = PBXTargetDependency;
			target = EB2ED5602B6142C900DDAF09 /* TicTacToe */;
			targetProxy = EB2ED5812B6142CB00DDAF09 /* PBXContainerItemProxy */;
		};
/* End PBXTargetDependency section */

/* Begin XCBuildConfiguration section */
		EB2ED5882B6142CB00DDAF09 /* Debug */ = {
			isa = XCBuildConfiguration;
			buildSettings = {
				ALWAYS_SEARCH_USER_PATHS = NO;
				CLANG_ANALYZER_NONNULL = YES;
				CLANG_ANALYZER_NUMBER_OBJECT_CONVERSION = YES_AGGRESSIVE;
				CLANG_CXX_LANGUAGE_STANDARD = "gnu++20";
				CLANG_ENABLE_MODULES = YES;
				CLANG_ENABLE_OBJC_ARC = YES;
				CLANG_ENABLE_OBJC_WEAK = YES;
				CLANG_WARN_BLOCK_CAPTURE_AUTORELEASING = YES;
				CLANG_WARN_BOOL_CONVERSION = YES;
				CLANG_WARN_COMMA = YES;
				CLANG_WARN_CONSTANT_CONVERSION = YES;
				CLANG_WARN_DEPRECATED_OBJC_IMPLEMENTATIONS = YES;
				CLANG_WARN_DIRECT_OBJC_ISA_USAGE = YES_ERROR;
				CLANG_WARN_DOCUMENTATION_COMMENTS = YES;
				CLANG_WARN_EMPTY_BODY = YES;
				CLANG_WARN_ENUM_CONVERSION = YES;
				CLANG_WARN_INFINITE_RECURSION = YES;
				CLANG_WARN_INT_CONVERSION = YES;
				CLANG_WARN_NON_LITERAL_NULL_CONVERSION = YES;
				CLANG_WARN_OBJC_IMPLICIT_RETAIN_SELF = YES;
				CLANG_WARN_OBJC_LITERAL_CONVERSION = YES;
				CLANG_WARN_OBJC_ROOT_CLASS = YES_ERROR;
				CLANG_WARN_QUOTED_INCLUDE_IN_FRAMEWORK_HEADER = YES;
				CLANG_WARN_RANGE_LOOP_ANALYSIS = YES;
				CLANG_WARN_STRICT_PROTOTYPES = YES;
				CLANG_WARN_SUSPICIOUS_MOVE = YES;
				CLANG_WARN_UNGUARDED_AVAILABILITY = YES_AGGRESSIVE;
				CLANG_WARN_UNREACHABLE_CODE = YES;
				CLANG_WARN__DUPLICATE_METHOD_MATCH = YES;
				COPY_PHASE_STRIP = NO;
				DEBUG_INFORMATION_FORMAT = dwarf;
				ENABLE_STRICT_OBJC_MSGSEND = YES;
				ENABLE_TESTABILITY = YES;
				GCC_C_LANGUAGE_STANDARD = gnu11;
				GCC_DYNAMIC_NO_PIC = NO;
				GCC_NO_COMMON_BLOCKS = YES;
				GCC_OPTIMIZATION_LEVEL = 0;
				GCC_PREPROCESSOR_DEFINITIONS = (
					"DEBUG=1",
					"$(inherited)",
				);
				GCC_WARN_64_TO_32_BIT_CONVERSION = YES;
				GCC_WARN_ABOUT_RETURN_TYPE = YES_ERROR;
				GCC_WARN_UNDECLARED_SELECTOR = YES;
				GCC_WARN_UNINITIALIZED_AUTOS = YES_AGGRESSIVE;
				GCC_WARN_UNUSED_FUNCTION = YES;
				GCC_WARN_UNUSED_VARIABLE = YES;
				IPHONEOS_DEPLOYMENT_TARGET = 16.1;
				MTL_ENABLE_DEBUG_INFO = INCLUDE_SOURCE;
				MTL_FAST_MATH = YES;
				ONLY_ACTIVE_ARCH = YES;
				SDKROOT = iphoneos;
				SWIFT_ACTIVE_COMPILATION_CONDITIONS = DEBUG;
				SWIFT_OPTIMIZATION_LEVEL = "-Onone";
			};
			name = Debug;
		};
		EB2ED5892B6142CB00DDAF09 /* Release */ = {
			isa = XCBuildConfiguration;
			buildSettings = {
				ALWAYS_SEARCH_USER_PATHS = NO;
				CLANG_ANALYZER_NONNULL = YES;
				CLANG_ANALYZER_NUMBER_OBJECT_CONVERSION = YES_AGGRESSIVE;
				CLANG_CXX_LANGUAGE_STANDARD = "gnu++20";
				CLANG_ENABLE_MODULES = YES;
				CLANG_ENABLE_OBJC_ARC = YES;
				CLANG_ENABLE_OBJC_WEAK = YES;
				CLANG_WARN_BLOCK_CAPTURE_AUTORELEASING = YES;
				CLANG_WARN_BOOL_CONVERSION = YES;
				CLANG_WARN_COMMA = YES;
				CLANG_WARN_CONSTANT_CONVERSION = YES;
				CLANG_WARN_DEPRECATED_OBJC_IMPLEMENTATIONS = YES;
				CLANG_WARN_DIRECT_OBJC_ISA_USAGE = YES_ERROR;
				CLANG_WARN_DOCUMENTATION_COMMENTS = YES;
				CLANG_WARN_EMPTY_BODY = YES;
				CLANG_WARN_ENUM_CONVERSION = YES;
				CLANG_WARN_INFINITE_RECURSION = YES;
				CLANG_WARN_INT_CONVERSION = YES;
				CLANG_WARN_NON_LITERAL_NULL_CONVERSION = YES;
				CLANG_WARN_OBJC_IMPLICIT_RETAIN_SELF = YES;
				CLANG_WARN_OBJC_LITERAL_CONVERSION = YES;
				CLANG_WARN_OBJC_ROOT_CLASS = YES_ERROR;
				CLANG_WARN_QUOTED_INCLUDE_IN_FRAMEWORK_HEADER = YES;
				CLANG_WARN_RANGE_LOOP_ANALYSIS = YES;
				CLANG_WARN_STRICT_PROTOTYPES = YES;
				CLANG_WARN_SUSPICIOUS_MOVE = YES;
				CLANG_WARN_UNGUARDED_AVAILABILITY = YES_AGGRESSIVE;
				CLANG_WARN_UNREACHABLE_CODE = YES;
				CLANG_WARN__DUPLICATE_METHOD_MATCH = YES;
				COPY_PHASE_STRIP = NO;
				DEBUG_INFORMATION_FORMAT = "dwarf-with-dsym";
				ENABLE_NS_ASSERTIONS = NO;
				ENABLE_STRICT_OBJC_MSGSEND = YES;
				GCC_C_LANGUAGE_STANDARD = gnu11;
				GCC_NO_COMMON_BLOCKS = YES;
				GCC_WARN_64_TO_32_BIT_CONVERSION = YES;
				GCC_WARN_ABOUT_RETURN_TYPE = YES_ERROR;
				GCC_WARN_UNDECLARED_SELECTOR = YES;
				GCC_WARN_UNINITIALIZED_AUTOS = YES_AGGRESSIVE;
				GCC_WARN_UNUSED_FUNCTION = YES;
				GCC_WARN_UNUSED_VARIABLE = YES;
				IPHONEOS_DEPLOYMENT_TARGET = 16.1;
				MTL_ENABLE_DEBUG_INFO = NO;
				MTL_FAST_MATH = YES;
				SDKROOT = iphoneos;
				SWIFT_COMPILATION_MODE = wholemodule;
				SWIFT_OPTIMIZATION_LEVEL = "-O";
				VALIDATE_PRODUCT = YES;
			};
			name = Release;
		};
		EB2ED58B2B6142CB00DDAF09 /* Debug */ = {
			isa = XCBuildConfiguration;
			buildSettings = {
				ASSETCATALOG_COMPILER_APPICON_NAME = AppIcon;
				ASSETCATALOG_COMPILER_GLOBAL_ACCENT_COLOR_NAME = AccentColor;
				CODE_SIGN_STYLE = Automatic;
				CURRENT_PROJECT_VERSION = 1;
				DEVELOPMENT_ASSET_PATHS = "\"TicTacToe/Preview Content\"";
				DEVELOPMENT_TEAM = 4SRUWKFUGA;
				ENABLE_PREVIEWS = YES;
				GENERATE_INFOPLIST_FILE = YES;
				INFOPLIST_KEY_UIApplicationSceneManifest_Generation = YES;
				INFOPLIST_KEY_UIApplicationSupportsIndirectInputEvents = YES;
				INFOPLIST_KEY_UILaunchScreen_Generation = YES;
				INFOPLIST_KEY_UISupportedInterfaceOrientations_iPad = "UIInterfaceOrientationPortrait UIInterfaceOrientationPortraitUpsideDown UIInterfaceOrientationLandscapeLeft UIInterfaceOrientationLandscapeRight";
				INFOPLIST_KEY_UISupportedInterfaceOrientations_iPhone = "UIInterfaceOrientationPortrait UIInterfaceOrientationLandscapeLeft UIInterfaceOrientationLandscapeRight";
				LD_RUNPATH_SEARCH_PATHS = (
					"$(inherited)",
					"@executable_path/Frameworks",
				);
				MARKETING_VERSION = 1.0;
				PRODUCT_BUNDLE_IDENTIFIER = com.anuj.TicTacToe;
				PRODUCT_NAME = "$(TARGET_NAME)";
				SWIFT_EMIT_LOC_STRINGS = YES;
				SWIFT_VERSION = 5.0;
				TARGETED_DEVICE_FAMILY = "1,2";
			};
			name = Debug;
		};
		EB2ED58C2B6142CB00DDAF09 /* Release */ = {
			isa = XCBuildConfiguration;
			buildSettings = {
				ASSETCATALOG_COMPILER_APPICON_NAME = AppIcon;
				ASSETCATALOG_COMPILER_GLOBAL_ACCENT_COLOR_NAME = AccentColor;
				CODE_SIGN_STYLE = Automatic;
				CURRENT_PROJECT_VERSION = 1;
				DEVELOPMENT_ASSET_PATHS = "\"TicTacToe/Preview Content\"";
				DEVELOPMENT_TEAM = 4SRUWKFUGA;
				ENABLE_PREVIEWS = YES;
				GENERATE_INFOPLIST_FILE = YES;
				INFOPLIST_KEY_UIApplicationSceneManifest_Generation = YES;
				INFOPLIST_KEY_UIApplicationSupportsIndirectInputEvents = YES;
				INFOPLIST_KEY_UILaunchScreen_Generation = YES;
				INFOPLIST_KEY_UISupportedInterfaceOrientations_iPad = "UIInterfaceOrientationPortrait UIInterfaceOrientationPortraitUpsideDown UIInterfaceOrientationLandscapeLeft UIInterfaceOrientationLandscapeRight";
				INFOPLIST_KEY_UISupportedInterfaceOrientations_iPhone = "UIInterfaceOrientationPortrait UIInterfaceOrientationLandscapeLeft UIInterfaceOrientationLandscapeRight";
				LD_RUNPATH_SEARCH_PATHS = (
					"$(inherited)",
					"@executable_path/Frameworks",
				);
				MARKETING_VERSION = 1.0;
				PRODUCT_BUNDLE_IDENTIFIER = com.anuj.TicTacToe;
				PRODUCT_NAME = "$(TARGET_NAME)";
				SWIFT_EMIT_LOC_STRINGS = YES;
				SWIFT_VERSION = 5.0;
				TARGETED_DEVICE_FAMILY = "1,2";
			};
			name = Release;
		};
		EB2ED58E2B6142CB00DDAF09 /* Debug */ = {
			isa = XCBuildConfiguration;
			buildSettings = {
				ALWAYS_EMBED_SWIFT_STANDARD_LIBRARIES = YES;
				BUNDLE_LOADER = "$(TEST_HOST)";
				CODE_SIGN_STYLE = Automatic;
				CURRENT_PROJECT_VERSION = 1;
				DEVELOPMENT_TEAM = 4SRUWKFUGA;
				GENERATE_INFOPLIST_FILE = YES;
				IPHONEOS_DEPLOYMENT_TARGET = 16.1;
				MARKETING_VERSION = 1.0;
				PRODUCT_BUNDLE_IDENTIFIER = com.anuj.TicTacToeTests;
				PRODUCT_NAME = "$(TARGET_NAME)";
				SWIFT_EMIT_LOC_STRINGS = NO;
				SWIFT_VERSION = 5.0;
				TARGETED_DEVICE_FAMILY = "1,2";
				TEST_HOST = "$(BUILT_PRODUCTS_DIR)/TicTacToe.app/$(BUNDLE_EXECUTABLE_FOLDER_PATH)/TicTacToe";
			};
			name = Debug;
		};
		EB2ED58F2B6142CB00DDAF09 /* Release */ = {
			isa = XCBuildConfiguration;
			buildSettings = {
				ALWAYS_EMBED_SWIFT_STANDARD_LIBRARIES = YES;
				BUNDLE_LOADER = "$(TEST_HOST)";
				CODE_SIGN_STYLE = Automatic;
				CURRENT_PROJECT_VERSION = 1;
				DEVELOPMENT_TEAM = 4SRUWKFUGA;
				GENERATE_INFOPLIST_FILE = YES;
				IPHONEOS_DEPLOYMENT_TARGET = 16.1;
				MARKETING_VERSION = 1.0;
				PRODUCT_BUNDLE_IDENTIFIER = com.anuj.TicTacToeTests;
				PRODUCT_NAME = "$(TARGET_NAME)";
				SWIFT_EMIT_LOC_STRINGS = NO;
				SWIFT_VERSION = 5.0;
				TARGETED_DEVICE_FAMILY = "1,2";
				TEST_HOST = "$(BUILT_PRODUCTS_DIR)/TicTacToe.app/$(BUNDLE_EXECUTABLE_FOLDER_PATH)/TicTacToe";
			};
			name = Release;
		};
		EB2ED5912B6142CB00DDAF09 /* Debug */ = {
			isa = XCBuildConfiguration;
			buildSettings = {
				ALWAYS_EMBED_SWIFT_STANDARD_LIBRARIES = YES;
				CODE_SIGN_STYLE = Automatic;
				CURRENT_PROJECT_VERSION = 1;
				DEVELOPMENT_TEAM = 4SRUWKFUGA;
				GENERATE_INFOPLIST_FILE = YES;
				MARKETING_VERSION = 1.0;
				PRODUCT_BUNDLE_IDENTIFIER = com.anuj.TicTacToeUITests;
				PRODUCT_NAME = "$(TARGET_NAME)";
				SWIFT_EMIT_LOC_STRINGS = NO;
				SWIFT_VERSION = 5.0;
				TARGETED_DEVICE_FAMILY = "1,2";
				TEST_TARGET_NAME = TicTacToe;
			};
			name = Debug;
		};
		EB2ED5922B6142CB00DDAF09 /* Release */ = {
			isa = XCBuildConfiguration;
			buildSettings = {
				ALWAYS_EMBED_SWIFT_STANDARD_LIBRARIES = YES;
				CODE_SIGN_STYLE = Automatic;
				CURRENT_PROJECT_VERSION = 1;
				DEVELOPMENT_TEAM = 4SRUWKFUGA;
				GENERATE_INFOPLIST_FILE = YES;
				MARKETING_VERSION = 1.0;
				PRODUCT_BUNDLE_IDENTIFIER = com.anuj.TicTacToeUITests;
				PRODUCT_NAME = "$(TARGET_NAME)";
				SWIFT_EMIT_LOC_STRINGS = NO;
				SWIFT_VERSION = 5.0;
				TARGETED_DEVICE_FAMILY = "1,2";
				TEST_TARGET_NAME = TicTacToe;
			};
			name = Release;
		};
/* End XCBuildConfiguration section */

/* Begin XCConfigurationList section */
		EB2ED55C2B6142C900DDAF09 /* Build configuration list for PBXProject "TicTacToe" */ = {
			isa = XCConfigurationList;
			buildConfigurations = (
				EB2ED5882B6142CB00DDAF09 /* Debug */,
				EB2ED5892B6142CB00DDAF09 /* Release */,
			);
			defaultConfigurationIsVisible = 0;
			defaultConfigurationName = Release;
		};
		EB2ED58A2B6142CB00DDAF09 /* Build configuration list for PBXNativeTarget "TicTacToe" */ = {
			isa = XCConfigurationList;
			buildConfigurations = (
				EB2ED58B2B6142CB00DDAF09 /* Debug */,
				EB2ED58C2B6142CB00DDAF09 /* Release */,
			);
			defaultConfigurationIsVisible = 0;
			defaultConfigurationName = Release;
		};
		EB2ED58D2B6142CB00DDAF09 /* Build configuration list for PBXNativeTarget "TicTacToeTests" */ = {
			isa = XCConfigurationList;
			buildConfigurations = (
				EB2ED58E2B6142CB00DDAF09 /* Debug */,
				EB2ED58F2B6142CB00DDAF09 /* Release */,
			);
			defaultConfigurationIsVisible = 0;
			defaultConfigurationName = Release;
		};
		EB2ED5902B6142CB00DDAF09 /* Build configuration list for PBXNativeTarget "TicTacToeUITests" */ = {
			isa = XCConfigurationList;
			buildConfigurations = (
				EB2ED5912B6142CB00DDAF09 /* Debug */,
				EB2ED5922B6142CB00DDAF09 /* Release */,
			);
			defaultConfigurationIsVisible = 0;
			defaultConfigurationName = Release;
		};
/* End XCConfigurationList section */

/* Begin XCVersionGroup section */
		EB2ED56F2B6142CB00DDAF09 /* TicTacToe.xcdatamodeld */ = {
			isa = XCVersionGroup;
			children = (
				EB2ED5702B6142CB00DDAF09 /* TicTacToe.xcdatamodel */,
			);
			currentVersion = EB2ED5702B6142CB00DDAF09 /* TicTacToe.xcdatamodel */;
			path = TicTacToe.xcdatamodeld;
			sourceTree = "<group>";
			versionGroupType = wrapper.xcdatamodel;
		};
/* End XCVersionGroup section */
	};
	rootObject = EB2ED5592B6142C900DDAF09 /* Project object */;
}
